[[package]]
category = "main"
description = "Fast multi-keyword search engine for text strings"
name = "acora"
optional = false
python-versions = "*"
version = "2.2"


[metadata]
content-hash = "2812a5e24209fe3d82356e73af978d4a24e979d58fab868204a6e23292f3b7f3"
python-versions = "^3.7"

[metadata.hashes]
acora = ["1b564fdab642ce6d1d263dd31ae94e832d420d4b099f01dc432df1aa451e9f41", "1da09be7db8fdfe6a6c11c82d9aa9a9ef55ff14c490e4cc02ff3a696675db2c4", "35ac335c4df330d2091314af0fc22148d9894cfd8d65d72a41a3736715fab2fb", "886bb0c37496572233fbaf723f13a9fec64372f93b1cfee6fdfd62b89a8bb893", "b7942b94a22681f055e7700d14d5c7d0af28c914319dc84a26ee9f635ba9266f", "b982ee509ca8b76bc22519f12c359622644b4ee9acc58568fa0650ae50f5f0a5", "c3ed53992b3a43b182eb367a730e7d2b3d13fb01986084dc1c0a26ba21a14ead", "c50161d8711789306e304d92f95e912224e2f50e41d9c7be53565ddde6af7542", "e3e39ba95e9378025ce0405e332cd8cdb7e0036011e9e524a2b3f93493feab1e", "e76a1c353be19fae8724d3921e734ab7ca55ffb2dcffc4349275dccf5dc42319", "f5d671946eb3fa7b882a97eefeb4047c6d47ebacbd438fb779d69d276b9a56fb", "f90ea6a36156aca12c330c40178662e9f2def23343b393109bd0be98ef944f02", "fc59e846d109f43c3ae340c5dada9bbca33df65beffb6b42e93a504b342c789d"]
